
Microsoft Visual Studio Solution File, Format Version 12.00
# Visual Studio Version 16
VisualStudioVersion = 16.0.30114.105
MinimumVisualStudioVersion = 10.0.40219.1
Project("{FAE04EC0-301F-11D3-BF4B-00C04F79EFBC}") = "todo.api", "todo.api\todo.api.csproj", "{988FE027-2FAD-4DCB-BAEC-0AC380E2ECCC}"
EndProject
Project("{FAE04EC0-301F-11D3-BF4B-00C04F79EFBC}") = "todo.app", "todo.app\todo.app.csproj", "{8C3FA110-7B91-4651-B8B2-6A5810DB3D83}"
EndProject
Project("{FAE04EC0-301F-11D3-BF4B-00C04F79EFBC}") = "todo.business", "todo.business\todo.business.csproj", "{0B1F0E48-DA85-4B87-B410-8200B0CA0491}"
EndProject
Project("{FAE04EC0-301F-11D3-BF4B-00C04F79EFBC}") = "todo.core", "todo.core\todo.core.csproj", "{9F275A1C-CF33-45C6-BA50-EFBA2C66E64F}"
EndProject
Project("{FAE04EC0-301F-11D3-BF4B-00C04F79EFBC}") = "todo.data", "todo.data\todo.data.csproj", "{D4D5D834-A58F-4FE7-A12A-0EEF8AF63A0E}"
EndProject
Project("{FAE04EC0-301F-11D3-BF4B-00C04F79EFBC}") = "todo.tests", "todo.tests\todo.tests.csproj", "{317A167B-7EA4-4989-9B0E-A40AF2C1D03F}"
EndProject
Global
	GlobalSection(SolutionConfigurationPlatforms) = preSolution
		Debug|Any CPU = Debug|Any CPU
		Debug|x64 = Debug|x64
		Debug|x86 = Debug|x86
		Release|Any CPU = Release|Any CPU
		Release|x64 = Release|x64
		Release|x86 = Release|x86
	EndGlobalSection
	GlobalSection(SolutionProperties) = preSolution
		HideSolutionNode = FALSE
	EndGlobalSection
	GlobalSection(ProjectConfigurationPlatforms) = postSolution
		{988FE027-2FAD-4DCB-BAEC-0AC380E2ECCC}.Debug|Any CPU.ActiveCfg = Debug|Any CPU
		{988FE027-2FAD-4DCB-BAEC-0AC380E2ECCC}.Debug|Any CPU.Build.0 = Debug|Any CPU
		{988FE027-2FAD-4DCB-BAEC-0AC380E2ECCC}.Debug|x64.ActiveCfg = Debug|Any CPU
		{988FE027-2FAD-4DCB-BAEC-0AC380E2ECCC}.Debug|x64.Build.0 = Debug|Any CPU
		{988FE027-2FAD-4DCB-BAEC-0AC380E2ECCC}.Debug|x86.ActiveCfg = Debug|Any CPU
		{988FE027-2FAD-4DCB-BAEC-0AC380E2ECCC}.Debug|x86.Build.0 = Debug|Any CPU
		{988FE027-2FAD-4DCB-BAEC-0AC380E2ECCC}.Release|Any CPU.ActiveCfg = Release|Any CPU
		{988FE027-2FAD-4DCB-BAEC-0AC380E2ECCC}.Release|Any CPU.Build.0 = Release|Any CPU
		{988FE027-2FAD-4DCB-BAEC-0AC380E2ECCC}.Release|x64.ActiveCfg = Release|Any CPU
		{988FE027-2FAD-4DCB-BAEC-0AC380E2ECCC}.Release|x64.Build.0 = Release|Any CPU
		{988FE027-2FAD-4DCB-BAEC-0AC380E2ECCC}.Release|x86.ActiveCfg = Release|Any CPU
		{988FE027-2FAD-4DCB-BAEC-0AC380E2ECCC}.Release|x86.Build.0 = Release|Any CPU
		{8C3FA110-7B91-4651-B8B2-6A5810DB3D83}.Debug|Any CPU.ActiveCfg = Debug|Any CPU
		{8C3FA110-7B91-4651-B8B2-6A5810DB3D83}.Debug|Any CPU.Build.0 = Debug|Any CPU
		{8C3FA110-7B91-4651-B8B2-6A5810DB3D83}.Debug|x64.ActiveCfg = Debug|Any CPU
		{8C3FA110-7B91-4651-B8B2-6A5810DB3D83}.Debug|x64.Build.0 = Debug|Any CPU
		{8C3FA110-7B91-4651-B8B2-6A5810DB3D83}.Debug|x86.ActiveCfg = Debug|Any CPU
		{8C3FA110-7B91-4651-B8B2-6A5810DB3D83}.Debug|x86.Build.0 = Debug|Any CPU
		{8C3FA110-7B91-4651-B8B2-6A5810DB3D83}.Release|Any CPU.ActiveCfg = Release|Any CPU
		{8C3FA110-7B91-4651-B8B2-6A5810DB3D83}.Release|Any CPU.Build.0 = Release|Any CPU
		{8C3FA110-7B91-4651-B8B2-6A5810DB3D83}.Release|x64.ActiveCfg = Release|Any CPU
		{8C3FA110-7B91-4651-B8B2-6A5810DB3D83}.Release|x64.Build.0 = Release|Any CPU
		{8C3FA110-7B91-4651-B8B2-6A5810DB3D83}.Release|x86.ActiveCfg = Release|Any CPU
		{8C3FA110-7B91-4651-B8B2-6A5810DB3D83}.Release|x86.Build.0 = Release|Any CPU
		{0B1F0E48-DA85-4B87-B410-8200B0CA0491}.Debug|Any CPU.ActiveCfg = Debug|Any CPU
		{0B1F0E48-DA85-4B87-B410-8200B0CA0491}.Debug|Any CPU.Build.0 = Debug|Any CPU
		{0B1F0E48-DA85-4B87-B410-8200B0CA0491}.Debug|x64.ActiveCfg = Debug|Any CPU
		{0B1F0E48-DA85-4B87-B410-8200B0CA0491}.Debug|x64.Build.0 = Debug|Any CPU
		{0B1F0E48-DA85-4B87-B410-8200B0CA0491}.Debug|x86.ActiveCfg = Debug|Any CPU
		{0B1F0E48-DA85-4B87-B410-8200B0CA0491}.Debug|x86.Build.0 = Debug|Any CPU
		{0B1F0E48-DA85-4B87-B410-8200B0CA0491}.Release|Any CPU.ActiveCfg = Release|Any CPU
		{0B1F0E48-DA85-4B87-B410-8200B0CA0491}.Release|Any CPU.Build.0 = Release|Any CPU
		{0B1F0E48-DA85-4B87-B410-8200B0CA0491}.Release|x64.ActiveCfg = Release|Any CPU
		{0B1F0E48-DA85-4B87-B410-8200B0CA0491}.Release|x64.Build.0 = Release|Any CPU
		{0B1F0E48-DA85-4B87-B410-8200B0CA0491}.Release|x86.ActiveCfg = Release|Any CPU
		{0B1F0E48-DA85-4B87-B410-8200B0CA0491}.Release|x86.Build.0 = Release|Any CPU
		{9F275A1C-CF33-45C6-BA50-EFBA2C66E64F}.Debug|Any CPU.ActiveCfg = Debug|Any CPU
		{9F275A1C-CF33-45C6-BA50-EFBA2C66E64F}.Debug|Any CPU.Build.0 = Debug|Any CPU
		{9F275A1C-CF33-45C6-BA50-EFBA2C66E64F}.Debug|x64.ActiveCfg = Debug|Any CPU
		{9F275A1C-CF33-45C6-BA50-EFBA2C66E64F}.Debug|x64.Build.0 = Debug|Any CPU
		{9F275A1C-CF33-45C6-BA50-EFBA2C66E64F}.Debug|x86.ActiveCfg = Debug|Any CPU
		{9F275A1C-CF33-45C6-BA50-EFBA2C66E64F}.Debug|x86.Build.0 = Debug|Any CPU
		{9F275A1C-CF33-45C6-BA50-EFBA2C66E64F}.Release|Any CPU.ActiveCfg = Release|Any CPU
		{9F275A1C-CF33-45C6-BA50-EFBA2C66E64F}.Release|Any CPU.Build.0 = Release|Any CPU
		{9F275A1C-CF33-45C6-BA50-EFBA2C66E64F}.Release|x64.ActiveCfg = Release|Any CPU
		{9F275A1C-CF33-45C6-BA50-EFBA2C66E64F}.Release|x64.Build.0 = Release|Any CPU
		{9F275A1C-CF33-45C6-BA50-EFBA2C66E64F}.Release|x86.ActiveCfg = Release|Any CPU
		{9F275A1C-CF33-45C6-BA50-EFBA2C66E64F}.Release|x86.Build.0 = Release|Any CPU
		{D4D5D834-A58F-4FE7-A12A-0EEF8AF63A0E}.Debug|Any CPU.ActiveCfg = Debug|Any CPU
		{D4D5D834-A58F-4FE7-A12A-0EEF8AF63A0E}.Debug|Any CPU.Build.0 = Debug|Any CPU
		{D4D5D834-A58F-4FE7-A12A-0EEF8AF63A0E}.Debug|x64.ActiveCfg = Debug|Any CPU
		{D4D5D834-A58F-4FE7-A12A-0EEF8AF63A0E}.Debug|x64.Build.0 = Debug|Any CPU
		{D4D5D834-A58F-4FE7-A12A-0EEF8AF63A0E}.Debug|x86.ActiveCfg = Debug|Any CPU
		{D4D5D834-A58F-4FE7-A12A-0EEF8AF63A0E}.Debug|x86.Build.0 = Debug|Any CPU
		{D4D5D834-A58F-4FE7-A12A-0EEF8AF63A0E}.Release|Any CPU.ActiveCfg = Release|Any CPU
		{D4D5D834-A58F-4FE7-A12A-0EEF8AF63A0E}.Release|Any CPU.Build.0 = Release|Any CPU
		{D4D5D834-A58F-4FE7-A12A-0EEF8AF63A0E}.Release|x64.ActiveCfg = Release|Any CPU
		{D4D5D834-A58F-4FE7-A12A-0EEF8AF63A0E}.Release|x64.Build.0 = Release|Any CPU
		{D4D5D834-A58F-4FE7-A12A-0EEF8AF63A0E}.Release|x86.ActiveCfg = Release|Any CPU
		{D4D5D834-A58F-4FE7-A12A-0EEF8AF63A0E}.Release|x86.Build.0 = Release|Any CPU
		{317A167B-7EA4-4989-9B0E-A40AF2C1D03F}.Debug|Any CPU.ActiveCfg = Debug|Any CPU
		{317A167B-7EA4-4989-9B0E-A40AF2C1D03F}.Debug|Any CPU.Build.0 = Debug|Any CPU
		{317A167B-7EA4-4989-9B0E-A40AF2C1D03F}.Debug|x64.ActiveCfg = Debug|Any CPU
		{317A167B-7EA4-4989-9B0E-A40AF2C1D03F}.Debug|x64.Build.0 = Debug|Any CPU
		{317A167B-7EA4-4989-9B0E-A40AF2C1D03F}.Debug|x86.ActiveCfg = Debug|Any CPU
		{317A167B-7EA4-4989-9B0E-A40AF2C1D03F}.Debug|x86.Build.0 = Debug|Any CPU
		{317A167B-7EA4-4989-9B0E-A40AF2C1D03F}.Release|Any CPU.ActiveCfg = Release|Any CPU
		{317A167B-7EA4-4989-9B0E-A40AF2C1D03F}.Release|Any CPU.Build.0 = Release|Any CPU
		{317A167B-7EA4-4989-9B0E-A40AF2C1D03F}.Release|x64.ActiveCfg = Release|Any CPU
		{317A167B-7EA4-4989-9B0E-A40AF2C1D03F}.Release|x64.Build.0 = Release|Any CPU
		{317A167B-7EA4-4989-9B0E-A40AF2C1D03F}.Release|x86.ActiveCfg = Release|Any CPU
		{317A167B-7EA4-4989-9B0E-A40AF2C1D03F}.Release|x86.Build.0 = Release|Any CPU
	EndGlobalSection
EndGlobal
